train:
  cmd: python train.py
  deps:
  - path: data/
    md5: 069bb71df5ba1ace789f37d807da0de8.dir
    size: 17601
    nfiles: 2
  - path: train.py
    md5: 147ccb7c2ce7137bae9d8ac867c54a99
    size: 560
  outs:
  - path: trained_model.joblib
    md5: 8e99ac68cc20184f7cceb30e09babfb1
    size: 976
